
Microsoft Visual Studio Solution File, Format Version 12.00
# Visual Studio 15
VisualStudioVersion = 15.0.27703.2035
MinimumVisualStudioVersion = 10.0.40219.1
Project("{8BC9CEB8-8B4A-11D0-8D11-00A0C91BC942}") = "Dangeon", "Dangeon.vcxproj", "{BFD33562-259B-437B-AE73-F22CE8110003}"
EndProject
Global
	GlobalSection(SolutionConfigurationPlatforms) = preSolution
		Debug|x64 = Debug|x64
		Debug|x86 = Debug|x86
		Release|x64 = Release|x64
		Release|x86 = Release|x86
	EndGlobalSection
	GlobalSection(ProjectConfigurationPlatforms) = postSolution
		{BFD33562-259B-437B-AE73-F22CE8110003}.Debug|x64.ActiveCfg = Debug|x64
		{BFD33562-259B-437B-AE73-F22CE8110003}.Debug|x64.Build.0 = Debug|x64
		{BFD33562-259B-437B-AE73-F22CE8110003}.Debug|x86.ActiveCfg = Debug|Win32
		{BFD33562-259B-437B-AE73-F22CE8110003}.Debug|x86.Build.0 = Debug|Win32
		{BFD33562-259B-437B-AE73-F22CE8110003}.Release|x64.ActiveCfg = Release|x64
		{BFD33562-259B-437B-AE73-F22CE8110003}.Release|x64.Build.0 = Release|x64
		{BFD33562-259B-437B-AE73-F22CE8110003}.Release|x86.ActiveCfg = Release|Win32
		{BFD33562-259B-437B-AE73-F22CE8110003}.Release|x86.Build.0 = Release|Win32
	EndGlobalSection
	GlobalSection(SolutionProperties) = preSolution
		HideSolutionNode = FALSE
	EndGlobalSection
	GlobalSection(ExtensibilityGlobals) = postSolution
		SolutionGuid = {F722271F-69A7-4FAF-87D7-36C7F41F585B}
	EndGlobalSection
EndGlobal
